speakeasyVersion: 1.551.0
sources:
    Esv-OAS:
        sourceNamespace: esv-org-api
        sourceRevisionDigest: sha256:a5b1d984364712190c312966dead83c8b3a4ffdfca840c76ac0eea7017d83e89
        sourceBlobDigest: sha256:aa45a5cd72f8b25ef3d411e18de9bdf59ec407dc833b577731a8a09e6722977c
        tags:
            - latest
            - speakeasy-sdk-regen-1748179701
targets:
    esv:
        source: Esv-OAS
        sourceNamespace: esv-org-api
        sourceRevisionDigest: sha256:a5b1d984364712190c312966dead83c8b3a4ffdfca840c76ac0eea7017d83e89
        sourceBlobDigest: sha256:aa45a5cd72f8b25ef3d411e18de9bdf59ec407dc833b577731a8a09e6722977c
        codeSamplesNamespace: esv-oas-php-code-samples
        codeSamplesRevisionDigest: sha256:5d02a7900fe31aa3fe9b380f50bde91a384cac16c0cfd08ca7b8ef7ef91e5588
workflow:
    workflowVersion: 1.0.0
    speakeasyVersion: latest
    sources:
        Esv-OAS:
            inputs:
                - location: registry.speakeasyapi.dev/walker/esv/esv-org-api:main
            registry:
                location: registry.speakeasyapi.dev/walker/esv/esv-oas
    targets:
        esv:
            target: php
            source: Esv-OAS
            publish:
                packagist:
                    username: $packagist_username
                    token: $packagist_token
            codeSamples:
                registry:
                    location: registry.speakeasyapi.dev/walker/esv/esv-oas-php-code-samples
                labelOverride:
                    fixedValue: Php (SDK)
                blocking: false
